
Microsoft Visual Studio Solution File, Format Version 12.00
# Visual Studio Version 17
VisualStudioVersion = 17.9.34728.123
MinimumVisualStudioVersion = 10.0.40219.1
Project("{9A19103F-16F7-4668-BE54-9A1E7A4F7556}") = "Section02.DatabaseFirst", "Section02.DatabaseFirst\Section02.DatabaseFirst.csproj", "{155AB947-FE9E-4C3E-ACF7-0AA1E20CE914}"
EndProject
Project("{9A19103F-16F7-4668-BE54-9A1E7A4F7556}") = "Section02.DatabaseFirst.Scaffold", "Section02.DatabaseFirst.Scaffold\Section02.DatabaseFirst.Scaffold.csproj", "{8A66B562-FFF0-4554-A325-A96BD3DE6C8D}"
EndProject
Project("{9A19103F-16F7-4668-BE54-9A1E7A4F7556}") = "Section03.CodeFirst", "Section03.CodeFirst\Section03.CodeFirst.csproj", "{D083CD77-0E49-4AA8-A4DE-6E7BDE9F9B22}"
EndProject
Project("{9A19103F-16F7-4668-BE54-9A1E7A4F7556}") = "Section04.DbContextSection", "Section04.DbContextSection\Section04.DbContextSection.csproj", "{E6ECB470-CED9-41AE-A005-4F7B004F560F}"
EndProject
Project("{9A19103F-16F7-4668-BE54-9A1E7A4F7556}") = "Section05.Relationships", "Section05.Relationships\Section05.Relationships.csproj", "{2D6B76DF-2343-46B9-8186-CEC8FC0B38CA}"
EndProject
Project("{9A19103F-16F7-4668-BE54-9A1E7A4F7556}") = "Section06.RelatedDataLoad", "Section06.RelatedDataLoad\Section06.RelatedDataLoad.csproj", "{1F56AE92-40DF-41A2-A624-8864262EC5B4}"
EndProject
Project("{9A19103F-16F7-4668-BE54-9A1E7A4F7556}") = "Section07.Inheritance", "Section07.Inheritance\Section07.Inheritance.csproj", "{7A0BEC16-BB46-45F3-93AD-C8A6CF3879EE}"
EndProject
Project("{9A19103F-16F7-4668-BE54-9A1E7A4F7556}") = "Section08.ModelSection", "Section08.ModelSection\Section08.ModelSection.csproj", "{3C837548-9182-48DB-93BC-B2DECA3CC5B1}"
EndProject
Project("{9A19103F-16F7-4668-BE54-9A1E7A4F7556}") = "Section09.QuerySection", "Section09.QuerySection\Section09.QuerySection.csproj", "{6B454FE3-DA9C-4B14-97A8-29C65C2E5E21}"
EndProject
Project("{9A19103F-16F7-4668-BE54-9A1E7A4F7556}") = "Section10.StoreProceduredFunction", "Section10.StoreProceduredFunction\Section10.StoreProceduredFunction.csproj", "{AE3EBA47-1A05-41E9-8DE2-75AE7D9F7BDD}"
EndProject
Project("{9A19103F-16F7-4668-BE54-9A1E7A4F7556}") = "Section11.Projections", "Section11.Projections\Section11.Projections.csproj", "{9265740F-AAD4-44A4-BF3E-7AA1BD08ED27}"
EndProject
Project("{FAE04EC0-301F-11D3-BF4B-00C04F79EFBC}") = "Section12.Transactions", "Section12.Transactions\Section12.Transactions.csproj", "{4B893733-F28C-4A48-8C62-2CA1A23F2E37}"
EndProject
Global
	GlobalSection(SolutionConfigurationPlatforms) = preSolution
		Debug|Any CPU = Debug|Any CPU
		Release|Any CPU = Release|Any CPU
	EndGlobalSection
	GlobalSection(ProjectConfigurationPlatforms) = postSolution
		{155AB947-FE9E-4C3E-ACF7-0AA1E20CE914}.Debug|Any CPU.ActiveCfg = Debug|Any CPU
		{155AB947-FE9E-4C3E-ACF7-0AA1E20CE914}.Debug|Any CPU.Build.0 = Debug|Any CPU
		{155AB947-FE9E-4C3E-ACF7-0AA1E20CE914}.Release|Any CPU.ActiveCfg = Release|Any CPU
		{155AB947-FE9E-4C3E-ACF7-0AA1E20CE914}.Release|Any CPU.Build.0 = Release|Any CPU
		{8A66B562-FFF0-4554-A325-A96BD3DE6C8D}.Debug|Any CPU.ActiveCfg = Debug|Any CPU
		{8A66B562-FFF0-4554-A325-A96BD3DE6C8D}.Debug|Any CPU.Build.0 = Debug|Any CPU
		{8A66B562-FFF0-4554-A325-A96BD3DE6C8D}.Release|Any CPU.ActiveCfg = Release|Any CPU
		{8A66B562-FFF0-4554-A325-A96BD3DE6C8D}.Release|Any CPU.Build.0 = Release|Any CPU
		{D083CD77-0E49-4AA8-A4DE-6E7BDE9F9B22}.Debug|Any CPU.ActiveCfg = Debug|Any CPU
		{D083CD77-0E49-4AA8-A4DE-6E7BDE9F9B22}.Debug|Any CPU.Build.0 = Debug|Any CPU
		{D083CD77-0E49-4AA8-A4DE-6E7BDE9F9B22}.Release|Any CPU.ActiveCfg = Release|Any CPU
		{D083CD77-0E49-4AA8-A4DE-6E7BDE9F9B22}.Release|Any CPU.Build.0 = Release|Any CPU
		{E6ECB470-CED9-41AE-A005-4F7B004F560F}.Debug|Any CPU.ActiveCfg = Debug|Any CPU
		{E6ECB470-CED9-41AE-A005-4F7B004F560F}.Debug|Any CPU.Build.0 = Debug|Any CPU
		{E6ECB470-CED9-41AE-A005-4F7B004F560F}.Release|Any CPU.ActiveCfg = Release|Any CPU
		{E6ECB470-CED9-41AE-A005-4F7B004F560F}.Release|Any CPU.Build.0 = Release|Any CPU
		{2D6B76DF-2343-46B9-8186-CEC8FC0B38CA}.Debug|Any CPU.ActiveCfg = Debug|Any CPU
		{2D6B76DF-2343-46B9-8186-CEC8FC0B38CA}.Debug|Any CPU.Build.0 = Debug|Any CPU
		{2D6B76DF-2343-46B9-8186-CEC8FC0B38CA}.Release|Any CPU.ActiveCfg = Release|Any CPU
		{2D6B76DF-2343-46B9-8186-CEC8FC0B38CA}.Release|Any CPU.Build.0 = Release|Any CPU
		{1F56AE92-40DF-41A2-A624-8864262EC5B4}.Debug|Any CPU.ActiveCfg = Debug|Any CPU
		{1F56AE92-40DF-41A2-A624-8864262EC5B4}.Debug|Any CPU.Build.0 = Debug|Any CPU
		{1F56AE92-40DF-41A2-A624-8864262EC5B4}.Release|Any CPU.ActiveCfg = Release|Any CPU
		{1F56AE92-40DF-41A2-A624-8864262EC5B4}.Release|Any CPU.Build.0 = Release|Any CPU
		{7A0BEC16-BB46-45F3-93AD-C8A6CF3879EE}.Debug|Any CPU.ActiveCfg = Debug|Any CPU
		{7A0BEC16-BB46-45F3-93AD-C8A6CF3879EE}.Debug|Any CPU.Build.0 = Debug|Any CPU
		{7A0BEC16-BB46-45F3-93AD-C8A6CF3879EE}.Release|Any CPU.ActiveCfg = Release|Any CPU
		{7A0BEC16-BB46-45F3-93AD-C8A6CF3879EE}.Release|Any CPU.Build.0 = Release|Any CPU
		{3C837548-9182-48DB-93BC-B2DECA3CC5B1}.Debug|Any CPU.ActiveCfg = Debug|Any CPU
		{3C837548-9182-48DB-93BC-B2DECA3CC5B1}.Debug|Any CPU.Build.0 = Debug|Any CPU
		{3C837548-9182-48DB-93BC-B2DECA3CC5B1}.Release|Any CPU.ActiveCfg = Release|Any CPU
		{3C837548-9182-48DB-93BC-B2DECA3CC5B1}.Release|Any CPU.Build.0 = Release|Any CPU
		{6B454FE3-DA9C-4B14-97A8-29C65C2E5E21}.Debug|Any CPU.ActiveCfg = Debug|Any CPU
		{6B454FE3-DA9C-4B14-97A8-29C65C2E5E21}.Debug|Any CPU.Build.0 = Debug|Any CPU
		{6B454FE3-DA9C-4B14-97A8-29C65C2E5E21}.Release|Any CPU.ActiveCfg = Release|Any CPU
		{6B454FE3-DA9C-4B14-97A8-29C65C2E5E21}.Release|Any CPU.Build.0 = Release|Any CPU
		{AE3EBA47-1A05-41E9-8DE2-75AE7D9F7BDD}.Debug|Any CPU.ActiveCfg = Debug|Any CPU
		{AE3EBA47-1A05-41E9-8DE2-75AE7D9F7BDD}.Debug|Any CPU.Build.0 = Debug|Any CPU
		{AE3EBA47-1A05-41E9-8DE2-75AE7D9F7BDD}.Release|Any CPU.ActiveCfg = Release|Any CPU
		{AE3EBA47-1A05-41E9-8DE2-75AE7D9F7BDD}.Release|Any CPU.Build.0 = Release|Any CPU
		{9265740F-AAD4-44A4-BF3E-7AA1BD08ED27}.Debug|Any CPU.ActiveCfg = Debug|Any CPU
		{9265740F-AAD4-44A4-BF3E-7AA1BD08ED27}.Debug|Any CPU.Build.0 = Debug|Any CPU
		{9265740F-AAD4-44A4-BF3E-7AA1BD08ED27}.Release|Any CPU.ActiveCfg = Release|Any CPU
		{9265740F-AAD4-44A4-BF3E-7AA1BD08ED27}.Release|Any CPU.Build.0 = Release|Any CPU
		{4B893733-F28C-4A48-8C62-2CA1A23F2E37}.Debug|Any CPU.ActiveCfg = Debug|Any CPU
		{4B893733-F28C-4A48-8C62-2CA1A23F2E37}.Debug|Any CPU.Build.0 = Debug|Any CPU
		{4B893733-F28C-4A48-8C62-2CA1A23F2E37}.Release|Any CPU.ActiveCfg = Release|Any CPU
		{4B893733-F28C-4A48-8C62-2CA1A23F2E37}.Release|Any CPU.Build.0 = Release|Any CPU
	EndGlobalSection
	GlobalSection(SolutionProperties) = preSolution
		HideSolutionNode = FALSE
	EndGlobalSection
	GlobalSection(ExtensibilityGlobals) = postSolution
		SolutionGuid = {61ADC34D-884F-4DEC-8554-3A8F40B5B63F}
	EndGlobalSection
EndGlobal
